DEPENDENCIES
  kloudspeaker
    path: .
    metadata: true

GRAPH
  apt (7.0.0)
  ark (3.1.0)
    build-essential (>= 0.0.0)
    seven_zip (>= 0.0.0)
    windows (>= 0.0.0)
  build-essential (8.1.1)
    mingw (>= 1.1)
    seven_zip (>= 0.0.0)
  chef_nginx (6.2.0)
    build-essential (>= 0.0.0)
    compat_resource (>= 12.16.3)
    ohai (>= 4.1.0)
    yum-epel (>= 0.0.0)
    zypper (>= 0.0.0)
  compat_resource (12.19.1)
  database (6.1.1)
    postgresql (>= 1.0.0)
  inifile_chef_gem (0.1.0)
    build-essential (>= 0.0.0)
  kloudspeaker (0.2.1)
    ark (>= 0.0.0)
    chef_nginx (>= 0.0.0)
    database (>= 0.0.0)
    mariadb (>= 0.0.0)
    mysql2_chef_gem (>= 2)
    php-fpm (>= 0.0.0)
    selinux_policy (>= 0.0.0)
  mariadb (1.5.4)
    apt (>= 0.0.0)
    build-essential (>= 0.0.0)
    selinux_policy (~> 2.0)
    yum (>= 0.0.0)
    yum-epel (>= 0.0.0)
    yum-scl (>= 0.0.0)
  mingw (2.0.2)
    seven_zip (>= 0.0.0)
  mysql (8.5.1)
  mysql2_chef_gem (2.1.0)
    build-essential (>= 2.4.0)
    mariadb (>= 0.0.0)
    mysql (>= 8.2.0)
  ohai (5.2.2)
  openssl (8.1.2)
  php-fpm (0.8.0)
  postgresql (7.0.0)
    build-essential (>= 2.0.0)
    openssl (>= 4.0)
  selinux_policy (2.1.0)
  seven_zip (3.0.0)
    windows (>= 0.0.0)
  windows (4.2.5)
  yum (5.1.0)
  yum-epel (3.1.0)
  yum-scl (0.2.0)
    inifile_chef_gem (>= 0.0.0)
    yum (>= 0.0.0)
  zypper (0.4.0)
