DEPENDENCIES
  kloudspeaker
    path: .
    metadata: true
  mariadb (>= 5.2.4)

GRAPH
  apparmor (4.1.0)
    line (>= 0.0.0)
  ark (6.0.4)
    seven_zip (>= 3.1)
  build-essential (8.2.1)
    mingw (>= 1.1)
    seven_zip (>= 0.0.0)
  chef_nginx (6.2.0)
    build-essential (>= 0.0.0)
    compat_resource (>= 12.16.3)
    ohai (>= 4.1.0)
    yum-epel (>= 0.0.0)
    zypper (>= 0.0.0)
  compat_resource (12.19.1)
  kloudspeaker (0.2.1)
    ark (>= 0.0.0)
    chef_nginx (>= 0.0.0)
    mariadb (>= 0.0.0)
    mysql2_chef_gem (>= 2.0)
    php-fpm (>= 0.0.0)
    selinux_policy (>= 0.0.0)
  line (4.4.4)
  mariadb (5.2.4)
    selinux (>= 6.0)
  mingw (2.1.4)
    seven_zip (>= 0.0.0)
  mysql (11.0.5)
    apparmor (>= 0.0.0)
  mysql2_chef_gem (2.1.0)
    build-essential (>= 2.4.0)
    mariadb (>= 0.0.0)
    mysql (>= 8.2.0)
  ohai (5.3.1)
  php-fpm (0.8.0)
  selinux (6.0.4)
  selinux_policy (2.4.3)
  seven_zip (4.2.2)
  yum-epel (4.4.1)
  zypper (0.4.0)
