DEPENDENCIES
  kloudspeaker
    path: .
    metadata: true
  mariadb (= 5.2.4)

GRAPH
  ark (3.1.0)
    build-essential (>= 0.0.0)
    seven_zip (>= 0.0.0)
    windows (>= 0.0.0)
  build-essential (8.1.1)
    mingw (>= 1.1)
    seven_zip (>= 0.0.0)
  chef_nginx (6.2.0)
    build-essential (>= 0.0.0)
    compat_resource (>= 12.16.3)
    ohai (>= 4.1.0)
    yum-epel (>= 0.0.0)
    zypper (>= 0.0.0)
  compat_resource (12.19.1)
  kloudspeaker (0.2.1)
    ark (>= 0.0.0)
    chef_nginx (>= 0.0.0)
    mariadb (>= 0.0.0)
    mysql2_chef_gem (>= 2.0)
    php-fpm (>= 0.0.0)
    selinux_policy (>= 0.0.0)
  mariadb (5.2.4)
    selinux (>= 6.0)
  mingw (2.0.2)
    seven_zip (>= 0.0.0)
  mysql (8.5.1)
  mysql2_chef_gem (2.1.0)
    build-essential (>= 2.4.0)
    mariadb (>= 0.0.0)
    mysql (>= 8.2.0)
  ohai (5.2.2)
  php-fpm (0.8.0)
  selinux (6.0.4)
  selinux_policy (2.1.0)
  seven_zip (3.0.0)
    windows (>= 0.0.0)
  windows (4.2.5)
  yum-epel (3.1.0)
  zypper (0.4.0)
